{
  "name": "@researchformathew/ai-cli-hub",
  "version": "0.1.0",
  "lockfileVersion": 3,
  "requires": true,
  "packages": {
    "": {
      "name": "@researchformathew/ai-cli-hub",
      "version": "0.1.0",
      "bin": {
        "aih": "bin/aih.mjs"
      },
      "engines": {
        "node": ">=22"
      }
    }
  }
}
